
Microsoft Visual Studio Solution File, Format Version 12.00
# Visual Studio Version 17
VisualStudioVersion = 17.14.36414.22
MinimumVisualStudioVersion = 10.0.40219.1
Project("{FAE04EC0-301F-11D3-BF4B-00C04F79EFBC}") = "AstroMath", "AstroMath\AstroMath.csproj", "{1587F6D5-2FB3-4430-8644-BABE44391A3B}"
EndProject
Project("{FAE04EC0-301F-11D3-BF4B-00C04F79EFBC}") = "AstronomicalProcessingClient", "AstronomicalProcessingClient\AstronomicalProcessingClient.csproj", "{B94B9C1A-2BA9-46BC-AB06-E306022F0256}"
EndProject
Global
	GlobalSection(SolutionConfigurationPlatforms) = preSolution
		Debug|Any CPU = Debug|Any CPU
		Release|Any CPU = Release|Any CPU
	EndGlobalSection
	GlobalSection(ProjectConfigurationPlatforms) = postSolution
		{1587F6D5-2FB3-4430-8644-BABE44391A3B}.Debug|Any CPU.ActiveCfg = Debug|Any CPU
		{1587F6D5-2FB3-4430-8644-BABE44391A3B}.Debug|Any CPU.Build.0 = Debug|Any CPU
		{1587F6D5-2FB3-4430-8644-BABE44391A3B}.Release|Any CPU.ActiveCfg = Release|Any CPU
		{1587F6D5-2FB3-4430-8644-BABE44391A3B}.Release|Any CPU.Build.0 = Release|Any CPU
		{B94B9C1A-2BA9-46BC-AB06-E306022F0256}.Debug|Any CPU.ActiveCfg = Debug|Any CPU
		{B94B9C1A-2BA9-46BC-AB06-E306022F0256}.Debug|Any CPU.Build.0 = Debug|Any CPU
		{B94B9C1A-2BA9-46BC-AB06-E306022F0256}.Release|Any CPU.ActiveCfg = Release|Any CPU
		{B94B9C1A-2BA9-46BC-AB06-E306022F0256}.Release|Any CPU.Build.0 = Release|Any CPU
	EndGlobalSection
	GlobalSection(SolutionProperties) = preSolution
		HideSolutionNode = FALSE
	EndGlobalSection
	GlobalSection(ExtensibilityGlobals) = postSolution
		SolutionGuid = {88ADA869-49E3-4600-807B-FA66BFD805C5}
	EndGlobalSection
EndGlobal
